
Microsoft Visual Studio Solution File, Format Version 12.00
# Visual Studio Version 16
VisualStudioVersion = 16.0.32228.343
MinimumVisualStudioVersion = 10.0.40219.1
Project("{FAE04EC0-301F-11D3-BF4B-00C04F79EFBC}") = "webApp", "webApp\webApp.csproj", "{77E5A823-F580-4DCC-827D-8A94BCB9D580}"
EndProject
Global
	GlobalSection(SolutionConfigurationPlatforms) = preSolution
		Debug|Any CPU = Debug|Any CPU
		Release|Any CPU = Release|Any CPU
	EndGlobalSection
	GlobalSection(ProjectConfigurationPlatforms) = postSolution
		{77E5A823-F580-4DCC-827D-8A94BCB9D580}.Debug|Any CPU.ActiveCfg = Debug|Any CPU
		{77E5A823-F580-4DCC-827D-8A94BCB9D580}.Debug|Any CPU.Build.0 = Debug|Any CPU
		{77E5A823-F580-4DCC-827D-8A94BCB9D580}.Release|Any CPU.ActiveCfg = Release|Any CPU
		{77E5A823-F580-4DCC-827D-8A94BCB9D580}.Release|Any CPU.Build.0 = Release|Any CPU
	EndGlobalSection
	GlobalSection(SolutionProperties) = preSolution
		HideSolutionNode = FALSE
	EndGlobalSection
	GlobalSection(ExtensibilityGlobals) = postSolution
		SolutionGuid = {14DC8357-EE28-4075-9CFC-FF2D066ACA36}
	EndGlobalSection
EndGlobal
